// !$*UTF8*$!
{
	archiveVersion = 1;
	classes = {
	};
	objectVersion = 46;
	objects = {

/* Begin PBXBuildFile section */
		08D565D91C60CBB500DE2B6A /* AppDelegate.swift in Sources */ = {isa = PBXBuildFile; fileRef = 08D565D81C60CBB500DE2B6A /* AppDelegate.swift */; };
		08D565DB1C60CBB500DE2B6A /* ViewController.swift in Sources */ = {isa = PBXBuildFile; fileRef = 08D565DA1C60CBB500DE2B6A /* ViewController.swift */; };
		08D565DE1C60CBB500DE2B6A /* Main.storyboard in Resources */ = {isa = PBXBuildFile; fileRef = 08D565DC1C60CBB500DE2B6A /* Main.storyboard */; };
		08D565E01C60CBB500DE2B6A /* Assets.xcassets in Resources */ = {isa = PBXBuildFile; fileRef = 08D565DF1C60CBB500DE2B6A /* Assets.xcassets */; };
		08D565E31C60CBB500DE2B6A /* LaunchScreen.storyboard in Resources */ = {isa = PBXBuildFile; fileRef = 08D565E11C60CBB500DE2B6A /* LaunchScreen.storyboard */; };
		08D565EE1C60CBB600DE2B6A /* OstrenkiyPlaceholderViewTests.swift in Sources */ = {isa = PBXBuildFile; fileRef = 08D565ED1C60CBB600DE2B6A /* OstrenkiyPlaceholderViewTests.swift */; };
		08D565F91C60CBB600DE2B6A /* OstrenkiyPlaceholderViewUITests.swift in Sources */ = {isa = PBXBuildFile; fileRef = 08D565F81C60CBB600DE2B6A /* OstrenkiyPlaceholderViewUITests.swift */; };
/* End PBXBuildFile section */

/* Begin PBXContainerItemProxy section */
		08D565EA1C60CBB600DE2B6A /* PBXContainerItemProxy */ = {
			isa = PBXContainerItemProxy;
			containerPortal = 08D565CD1C60CBB500DE2B6A /* Project object */;
			proxyType = 1;
			remoteGlobalIDString = 08D565D41C60CBB500DE2B6A;
			remoteInfo = OstrenkiyPlaceholderView;
		};
		08D565F51C60CBB600DE2B6A /* PBXContainerItemProxy */ = {
			isa = PBXContainerItemProxy;
			containerPortal = 08D565CD1C60CBB500DE2B6A /* Project object */;
			proxyType = 1;
			remoteGlobalIDString = 08D565D41C60CBB500DE2B6A;
			remoteInfo = OstrenkiyPlaceholderView;
		};
/* End PBXContainerItemProxy section */

/* Begin PBXFileReference section */
		08D565D51C60CBB500DE2B6A /* OstrenkiyPlaceholderView.app */ = {isa = PBXFileReference; explicitFileType = wrapper.application; includeInIndex = 0; path = OstrenkiyPlaceholderView.app; sourceTree = BUILT_PRODUCTS_DIR; };
		08D565D81C60CBB500DE2B6A /* AppDelegate.swift */ = {isa = PBXFileReference; lastKnownFileType = sourcecode.swift; path = AppDelegate.swift; sourceTree = "<group>"; };
		08D565DA1C60CBB500DE2B6A /* ViewController.swift */ = {isa = PBXFileReference; lastKnownFileType = sourcecode.swift; path = ViewController.swift; sourceTree = "<group>"; };
		08D565DD1C60CBB500DE2B6A /* Base */ = {isa = PBXFileReference; lastKnownFileType = file.storyboard; name = Base; path = Base.lproj/Main.storyboard; sourceTree = "<group>"; };
		08D565DF1C60CBB500DE2B6A /* Assets.xcassets */ = {isa = PBXFileReference; lastKnownFileType = folder.assetcatalog; path = Assets.xcassets; sourceTree = "<group>"; };
		08D565E21C60CBB500DE2B6A /* Base */ = {isa = PBXFileReference; lastKnownFileType = file.storyboard; name = Base; path = Base.lproj/LaunchScreen.storyboard; sourceTree = "<group>"; };
		08D565E41C60CBB500DE2B6A /* Info.plist */ = {isa = PBXFileReference; lastKnownFileType = text.plist.xml; path = Info.plist; sourceTree = "<group>"; };
		08D565E91C60CBB600DE2B6A /* OstrenkiyPlaceholderViewTests.xctest */ = {isa = PBXFileReference; explicitFileType = wrapper.cfbundle; includeInIndex = 0; path = OstrenkiyPlaceholderViewTests.xctest; sourceTree = BUILT_PRODUCTS_DIR; };
		08D565ED1C60CBB600DE2B6A /* OstrenkiyPlaceholderViewTests.swift */ = {isa = PBXFileReference; lastKnownFileType = sourcecode.swift; path = OstrenkiyPlaceholderViewTests.swift; sourceTree = "<group>"; };
		08D565EF1C60CBB600DE2B6A /* Info.plist */ = {isa = PBXFileReference; lastKnownFileType = text.plist.xml; path = Info.plist; sourceTree = "<group>"; };
		08D565F41C60CBB600DE2B6A /* OstrenkiyPlaceholderViewUITests.xctest */ = {isa = PBXFileReference; explicitFileType = wrapper.cfbundle; includeInIndex = 0; path = OstrenkiyPlaceholderViewUITests.xctest; sourceTree = BUILT_PRODUCTS_DIR; };
		08D565F81C60CBB600DE2B6A /* OstrenkiyPlaceholderViewUITests.swift */ = {isa = PBXFileReference; lastKnownFileType = sourcecode.swift; path = OstrenkiyPlaceholderViewUITests.swift; sourceTree = "<group>"; };
		08D565FA1C60CBB600DE2B6A /* Info.plist */ = {isa = PBXFileReference; lastKnownFileType = text.plist.xml; path = Info.plist; sourceTree = "<group>"; };
/* End PBXFileReference section */

/* Begin PBXFrameworksBuildPhase section */
		08D565D21C60CBB500DE2B6A /* Frameworks */ = {
			isa = PBXFrameworksBuildPhase;
			buildActionMask = 2147483647;
			files = (
			);
			runOnlyForDeploymentPostprocessing = 0;
		};
		08D565E61C60CBB600DE2B6A /* Frameworks */ = {
			isa = PBXFrameworksBuildPhase;
			buildActionMask = 2147483647;
			files = (
			);
			runOnlyForDeploymentPostprocessing = 0;
		};
		08D565F11C60CBB600DE2B6A /* Frameworks */ = {
			isa = PBXFrameworksBuildPhase;
			buildActionMask = 2147483647;
			files = (
			);
			runOnlyForDeploymentPostprocessing = 0;
		};
/* End PBXFrameworksBuildPhase section */

/* Begin PBXGroup section */
		08D565CC1C60CBB500DE2B6A = {
			isa = PBXGroup;
			children = (
				08D565D71C60CBB500DE2B6A /* OstrenkiyPlaceholderView */,
				08D565EC1C60CBB600DE2B6A /* OstrenkiyPlaceholderViewTests */,
				08D565F71C60CBB600DE2B6A /* OstrenkiyPlaceholderViewUITests */,
				08D565D61C60CBB500DE2B6A /* Products */,
			);
			sourceTree = "<group>";
		};
		08D565D61C60CBB500DE2B6A /* Products */ = {
			isa = PBXGroup;
			children = (
				08D565D51C60CBB500DE2B6A /* OstrenkiyPlaceholderView.app */,
				08D565E91C60CBB600DE2B6A /* OstrenkiyPlaceholderViewTests.xctest */,
				08D565F41C60CBB600DE2B6A /* OstrenkiyPlaceholderViewUITests.xctest */,
			);
			name = Products;
			sourceTree = "<group>";
		};
		08D565D71C60CBB500DE2B6A /* OstrenkiyPlaceholderView */ = {
			isa = PBXGroup;
			children = (
				08D565D81C60CBB500DE2B6A /* AppDelegate.swift */,
				08D565DA1C60CBB500DE2B6A /* ViewController.swift */,
				08D565DC1C60CBB500DE2B6A /* Main.storyboard */,
				08D565DF1C60CBB500DE2B6A /* Assets.xcassets */,
				08D565E11C60CBB500DE2B6A /* LaunchScreen.storyboard */,
				08D565E41C60CBB500DE2B6A /* Info.plist */,
			);
			path = OstrenkiyPlaceholderView;
			sourceTree = "<group>";
		};
		08D565EC1C60CBB600DE2B6A /* OstrenkiyPlaceholderViewTests */ = {
			isa = PBXGroup;
			children = (
				08D565ED1C60CBB600DE2B6A /* OstrenkiyPlaceholderViewTests.swift */,
				08D565EF1C60CBB600DE2B6A /* Info.plist */,
			);
			path = OstrenkiyPlaceholderViewTests;
			sourceTree = "<group>";
		};
		08D565F71C60CBB600DE2B6A /* OstrenkiyPlaceholderViewUITests */ = {
			isa = PBXGroup;
			children = (
				08D565F81C60CBB600DE2B6A /* OstrenkiyPlaceholderViewUITests.swift */,
				08D565FA1C60CBB600DE2B6A /* Info.plist */,
			);
			path = OstrenkiyPlaceholderViewUITests;
			sourceTree = "<group>";
		};
/* End PBXGroup section */

/* Begin PBXNativeTarget section */
		08D565D41C60CBB500DE2B6A /* OstrenkiyPlaceholderView */ = {
			isa = PBXNativeTarget;
			buildConfigurationList = 08D565FD1C60CBB600DE2B6A /* Build configuration list for PBXNativeTarget "OstrenkiyPlaceholderView" */;
			buildPhases = (
				08D565D11C60CBB500DE2B6A /* Sources */,
				08D565D21C60CBB500DE2B6A /* Frameworks */,
				08D565D31C60CBB500DE2B6A /* Resources */,
			);
			buildRules = (
			);
			dependencies = (
			);
			name = OstrenkiyPlaceholderView;
			productName = OstrenkiyPlaceholderView;
			productReference = 08D565D51C60CBB500DE2B6A /* OstrenkiyPlaceholderView.app */;
			productType = "com.apple.product-type.application";
		};
		08D565E81C60CBB600DE2B6A /* OstrenkiyPlaceholderViewTests */ = {
			isa = PBXNativeTarget;
			buildConfigurationList = 08D566001C60CBB600DE2B6A /* Build configuration list for PBXNativeTarget "OstrenkiyPlaceholderViewTests" */;
			buildPhases = (
				08D565E51C60CBB600DE2B6A /* Sources */,
				08D565E61C60CBB600DE2B6A /* Frameworks */,
				08D565E71C60CBB600DE2B6A /* Resources */,
			);
			buildRules = (
			);
			dependencies = (
				08D565EB1C60CBB600DE2B6A /* PBXTargetDependency */,
			);
			name = OstrenkiyPlaceholderViewTests;
			productName = OstrenkiyPlaceholderViewTests;
			productReference = 08D565E91C60CBB600DE2B6A /* OstrenkiyPlaceholderViewTests.xctest */;
			productType = "com.apple.product-type.bundle.unit-test";
		};
		08D565F31C60CBB600DE2B6A /* OstrenkiyPlaceholderViewUITests */ = {
			isa = PBXNativeTarget;
			buildConfigurationList = 08D566031C60CBB600DE2B6A /* Build configuration list for PBXNativeTarget "OstrenkiyPlaceholderViewUITests" */;
			buildPhases = (
				08D565F01C60CBB600DE2B6A /* Sources */,
				08D565F11C60CBB600DE2B6A /* Frameworks */,
				08D565F21C60CBB600DE2B6A /* Resources */,
			);
			buildRules = (
			);
			dependencies = (
				08D565F61C60CBB600DE2B6A /* PBXTargetDependency */,
			);
			name = OstrenkiyPlaceholderViewUITests;
			productName = OstrenkiyPlaceholderViewUITests;
			productReference = 08D565F41C60CBB600DE2B6A /* OstrenkiyPlaceholderViewUITests.xctest */;
			productType = "com.apple.product-type.bundle.ui-testing";
		};
/* End PBXNativeTarget section */

/* Begin PBXProject section */
		08D565CD1C60CBB500DE2B6A /* Project object */ = {
			isa = PBXProject;
			attributes = {
				LastSwiftUpdateCheck = 0720;
				LastUpgradeCheck = 0720;
				ORGANIZATIONNAME = "Alex Karpov";
				TargetAttributes = {
					08D565D41C60CBB500DE2B6A = {
						CreatedOnToolsVersion = 7.2;
					};
					08D565E81C60CBB600DE2B6A = {
						CreatedOnToolsVersion = 7.2;
						TestTargetID = 08D565D41C60CBB500DE2B6A;
					};
					08D565F31C60CBB600DE2B6A = {
						CreatedOnToolsVersion = 7.2;
						TestTargetID = 08D565D41C60CBB500DE2B6A;
					};
				};
			};
			buildConfigurationList = 08D565D01C60CBB500DE2B6A /* Build configuration list for PBXProject "OstrenkiyPlaceholderView" */;
			compatibilityVersion = "Xcode 3.2";
			developmentRegion = English;
			hasScannedForEncodings = 0;
			knownRegions = (
				en,
				Base,
			);
			mainGroup = 08D565CC1C60CBB500DE2B6A;
			productRefGroup = 08D565D61C60CBB500DE2B6A /* Products */;
			projectDirPath = "";
			projectRoot = "";
			targets = (
				08D565D41C60CBB500DE2B6A /* OstrenkiyPlaceholderView */,
				08D565E81C60CBB600DE2B6A /* OstrenkiyPlaceholderViewTests */,
				08D565F31C60CBB600DE2B6A /* OstrenkiyPlaceholderViewUITests */,
			);
		};
/* End PBXProject section */

/* Begin PBXResourcesBuildPhase section */
		08D565D31C60CBB500DE2B6A /* Resources */ = {
			isa = PBXResourcesBuildPhase;
			buildActionMask = 2147483647;
			files = (
				08D565E31C60CBB500DE2B6A /* LaunchScreen.storyboard in Resources */,
				08D565E01C60CBB500DE2B6A /* Assets.xcassets in Resources */,
				08D565DE1C60CBB500DE2B6A /* Main.storyboard in Resources */,
			);
			runOnlyForDeploymentPostprocessing = 0;
		};
		08D565E71C60CBB600DE2B6A /* Resources */ = {
			isa = PBXResourcesBuildPhase;
			buildActionMask = 2147483647;
			files = (
			);
			runOnlyForDeploymentPostprocessing = 0;
		};
		08D565F21C60CBB600DE2B6A /* Resources */ = {
			isa = PBXResourcesBuildPhase;
			buildActionMask = 2147483647;
			files = (
			);
			runOnlyForDeploymentPostprocessing = 0;
		};
/* End PBXResourcesBuildPhase section */

/* Begin PBXSourcesBuildPhase section */
		08D565D11C60CBB500DE2B6A /* Sources */ = {
			isa = PBXSourcesBuildPhase;
			buildActionMask = 2147483647;
			files = (
				08D565DB1C60CBB500DE2B6A /* ViewController.swift in Sources */,
				08D565D91C60CBB500DE2B6A /* AppDelegate.swift in Sources */,
			);
			runOnlyForDeploymentPostprocessing = 0;
		};
		08D565E51C60CBB600DE2B6A /* Sources */ = {
			isa = PBXSourcesBuildPhase;
			buildActionMask = 2147483647;
			files = (
				08D565EE1C60CBB600DE2B6A /* OstrenkiyPlaceholderViewTests.swift in Sources */,
			);
			runOnlyForDeploymentPostprocessing = 0;
		};
		08D565F01C60CBB600DE2B6A /* Sources */ = {
			isa = PBXSourcesBuildPhase;
			buildActionMask = 2147483647;
			files = (
				08D565F91C60CBB600DE2B6A /* OstrenkiyPlaceholderViewUITests.swift in Sources */,
			);
			runOnlyForDeploymentPostprocessing = 0;
		};
/* End PBXSourcesBuildPhase section */

/* Begin PBXTargetDependency section */
		08D565EB1C60CBB600DE2B6A /* PBXTargetDependency */ = {
			isa = PBXTargetDependency;
			target = 08D565D41C60CBB500DE2B6A /* OstrenkiyPlaceholderView */;
			targetProxy = 08D565EA1C60CBB600DE2B6A /* PBXContainerItemProxy */;
		};
		08D565F61C60CBB600DE2B6A /* PBXTargetDependency */ = {
			isa = PBXTargetDependency;
			target = 08D565D41C60CBB500DE2B6A /* OstrenkiyPlaceholderView */;
			targetProxy = 08D565F51C60CBB600DE2B6A /* PBXContainerItemProxy */;
		};
/* End PBXTargetDependency section */

/* Begin PBXVariantGroup section */
		08D565DC1C60CBB500DE2B6A /* Main.storyboard */ = {
			isa = PBXVariantGroup;
			children = (
				08D565DD1C60CBB500DE2B6A /* Base */,
			);
			name = Main.storyboard;
			sourceTree = "<group>";
		};
		08D565E11C60CBB500DE2B6A /* LaunchScreen.storyboard */ = {
			isa = PBXVariantGroup;
			children = (
				08D565E21C60CBB500DE2B6A /* Base */,
			);
			name = LaunchScreen.storyboard;
			sourceTree = "<group>";
		};
/* End PBXVariantGroup section */

/* Begin XCBuildConfiguration section */
		08D565FB1C60CBB600DE2B6A /* Debug */ = {
			isa = XCBuildConfiguration;
			buildSettings = {
				ALWAYS_SEARCH_USER_PATHS = NO;
				CLANG_CXX_LANGUAGE_STANDARD = "gnu++0x";
				CLANG_CXX_LIBRARY = "libc++";
				CLANG_ENABLE_MODULES = YES;
				CLANG_ENABLE_OBJC_ARC = YES;
				CLANG_WARN_BOOL_CONVERSION = YES;
				CLANG_WARN_CONSTANT_CONVERSION = YES;
				CLANG_WARN_DIRECT_OBJC_ISA_USAGE = YES_ERROR;
				CLANG_WARN_EMPTY_BODY = YES;
				CLANG_WARN_ENUM_CONVERSION = YES;
				CLANG_WARN_INT_CONVERSION = YES;
				CLANG_WARN_OBJC_ROOT_CLASS = YES_ERROR;
				CLANG_WARN_UNREACHABLE_CODE = YES;
				CLANG_WARN__DUPLICATE_METHOD_MATCH = YES;
				"CODE_SIGN_IDENTITY[sdk=iphoneos*]" = "iPhone Developer";
				COPY_PHASE_STRIP = NO;
				DEBUG_INFORMATION_FORMAT = dwarf;
				ENABLE_STRICT_OBJC_MSGSEND = YES;
				ENABLE_TESTABILITY = YES;
				GCC_C_LANGUAGE_STANDARD = gnu99;
				GCC_DYNAMIC_NO_PIC = NO;
				GCC_NO_COMMON_BLOCKS = YES;
				GCC_OPTIMIZATION_LEVEL = 0;
				GCC_PREPROCESSOR_DEFINITIONS = (
					"DEBUG=1",
					"$(inherited)",
				);
				GCC_WARN_64_TO_32_BIT_CONVERSION = YES;
				GCC_WARN_ABOUT_RETURN_TYPE = YES_ERROR;
				GCC_WARN_UNDECLARED_SELECTOR = YES;
				GCC_WARN_UNINITIALIZED_AUTOS = YES_AGGRESSIVE;
				GCC_WARN_UNUSED_FUNCTION = YES;
				GCC_WARN_UNUSED_VARIABLE = YES;
				IPHONEOS_DEPLOYMENT_TARGET = 9.2;
				MTL_ENABLE_DEBUG_INFO = YES;
				ONLY_ACTIVE_ARCH = YES;
				SDKROOT = iphoneos;
				SWIFT_OPTIMIZATION_LEVEL = "-Onone";
				TARGETED_DEVICE_FAMILY = "1,2";
			};
			name = Debug;
		};
		08D565FC1C60CBB600DE2B6A /* Release */ = {
			isa = XCBuildConfiguration;
			buildSettings = {
				ALWAYS_SEARCH_USER_PATHS = NO;
				CLANG_CXX_LANGUAGE_STANDARD = "gnu++0x";
				CLANG_CXX_LIBRARY = "libc++";
				CLANG_ENABLE_MODULES = YES;
				CLANG_ENABLE_OBJC_ARC = YES;
				CLANG_WARN_BOOL_CONVERSION = YES;
				CLANG_WARN_CONSTANT_CONVERSION = YES;
				CLANG_WARN_DIRECT_OBJC_ISA_USAGE = YES_ERROR;
				CLANG_WARN_EMPTY_BODY = YES;
				CLANG_WARN_ENUM_CONVERSION = YES;
				CLANG_WARN_INT_CONVERSION = YES;
				CLANG_WARN_OBJC_ROOT_CLASS = YES_ERROR;
				CLANG_WARN_UNREACHABLE_CODE = YES;
				CLANG_WARN__DUPLICATE_METHOD_MATCH = YES;
				"CODE_SIGN_IDENTITY[sdk=iphoneos*]" = "iPhone Developer";
				COPY_PHASE_STRIP = NO;
				DEBUG_INFORMATION_FORMAT = "dwarf-with-dsym";
				ENABLE_NS_ASSERTIONS = NO;
				ENABLE_STRICT_OBJC_MSGSEND = YES;
				GCC_C_LANGUAGE_STANDARD = gnu99;
				GCC_NO_COMMON_BLOCKS = YES;
				GCC_WARN_64_TO_32_BIT_CONVERSION = YES;
				GCC_WARN_ABOUT_RETURN_TYPE = YES_ERROR;
				GCC_WARN_UNDECLARED_SELECTOR = YES;
				GCC_WARN_UNINITIALIZED_AUTOS = YES_AGGRESSIVE;
				GCC_WARN_UNUSED_FUNCTION = YES;
				GCC_WARN_UNUSED_VARIABLE = YES;
				IPHONEOS_DEPLOYMENT_TARGET = 9.2;
				MTL_ENABLE_DEBUG_INFO = NO;
				SDKROOT = iphoneos;
				TARGETED_DEVICE_FAMILY = "1,2";
				VALIDATE_PRODUCT = YES;
			};
			name = Release;
		};
		08D565FE1C60CBB600DE2B6A /* Debug */ = {
			isa = XCBuildConfiguration;
			buildSettings = {
				ASSETCATALOG_COMPILER_APPICON_NAME = AppIcon;
				INFOPLIST_FILE = OstrenkiyPlaceholderView/Info.plist;
				LD_RUNPATH_SEARCH_PATHS = "$(inherited) @executable_path/Frameworks";
				PRODUCT_BUNDLE_IDENTIFIER = com.AlexKarpov.OstrenkiyPlaceholderView;
				PRODUCT_NAME = "$(TARGET_NAME)";
			};
			name = Debug;
		};
		08D565FF1C60CBB600DE2B6A /* Release */ = {
			isa = XCBuildConfiguration;
			buildSettings = {
				ASSETCATALOG_COMPILER_APPICON_NAME = AppIcon;
				INFOPLIST_FILE = OstrenkiyPlaceholderView/Info.plist;
				LD_RUNPATH_SEARCH_PATHS = "$(inherited) @executable_path/Frameworks";
				PRODUCT_BUNDLE_IDENTIFIER = com.AlexKarpov.OstrenkiyPlaceholderView;
				PRODUCT_NAME = "$(TARGET_NAME)";
			};
			name = Release;
		};
		08D566011C60CBB600DE2B6A /* Debug */ = {
			isa = XCBuildConfiguration;
			buildSettings = {
				BUNDLE_LOADER = "$(TEST_HOST)";
				INFOPLIST_FILE = OstrenkiyPlaceholderViewTests/Info.plist;
				LD_RUNPATH_SEARCH_PATHS = "$(inherited) @executable_path/Frameworks @loader_path/Frameworks";
				PRODUCT_BUNDLE_IDENTIFIER = com.AlexKarpov.OstrenkiyPlaceholderViewTests;
				PRODUCT_NAME = "$(TARGET_NAME)";
				TEST_HOST = "$(BUILT_PRODUCTS_DIR)/OstrenkiyPlaceholderView.app/OstrenkiyPlaceholderView";
			};
			name = Debug;
		};
		08D566021C60CBB600DE2B6A /* Release */ = {
			isa = XCBuildConfiguration;
			buildSettings = {
				BUNDLE_LOADER = "$(TEST_HOST)";
				INFOPLIST_FILE = OstrenkiyPlaceholderViewTests/Info.plist;
				LD_RUNPATH_SEARCH_PATHS = "$(inherited) @executable_path/Frameworks @loader_path/Frameworks";
				PRODUCT_BUNDLE_IDENTIFIER = com.AlexKarpov.OstrenkiyPlaceholderViewTests;
				PRODUCT_NAME = "$(TARGET_NAME)";
				TEST_HOST = "$(BUILT_PRODUCTS_DIR)/OstrenkiyPlaceholderView.app/OstrenkiyPlaceholderView";
			};
			name = Release;
		};
		08D566041C60CBB600DE2B6A /* Debug */ = {
			isa = XCBuildConfiguration;
			buildSettings = {
				INFOPLIST_FILE = OstrenkiyPlaceholderViewUITests/Info.plist;
				LD_RUNPATH_SEARCH_PATHS = "$(inherited) @executable_path/Frameworks @loader_path/Frameworks";
				PRODUCT_BUNDLE_IDENTIFIER = com.AlexKarpov.OstrenkiyPlaceholderViewUITests;
				PRODUCT_NAME = "$(TARGET_NAME)";
				TEST_TARGET_NAME = OstrenkiyPlaceholderView;
				USES_XCTRUNNER = YES;
			};
			name = Debug;
		};
		08D566051C60CBB600DE2B6A /* Release */ = {
			isa = XCBuildConfiguration;
			buildSettings = {
				INFOPLIST_FILE = OstrenkiyPlaceholderViewUITests/Info.plist;
				LD_RUNPATH_SEARCH_PATHS = "$(inherited) @executable_path/Frameworks @loader_path/Frameworks";
				PRODUCT_BUNDLE_IDENTIFIER = com.AlexKarpov.OstrenkiyPlaceholderViewUITests;
				PRODUCT_NAME = "$(TARGET_NAME)";
				TEST_TARGET_NAME = OstrenkiyPlaceholderView;
				USES_XCTRUNNER = YES;
			};
			name = Release;
		};
/* End XCBuildConfiguration section */

/* Begin XCConfigurationList section */
		08D565D01C60CBB500DE2B6A /* Build configuration list for PBXProject "OstrenkiyPlaceholderView" */ = {
			isa = XCConfigurationList;
			buildConfigurations = (
				08D565FB1C60CBB600DE2B6A /* Debug */,
				08D565FC1C60CBB600DE2B6A /* Release */,
			);
			defaultConfigurationIsVisible = 0;
			defaultConfigurationName = Release;
		};
		08D565FD1C60CBB600DE2B6A /* Build configuration list for PBXNativeTarget "OstrenkiyPlaceholderView" */ = {
			isa = XCConfigurationList;
			buildConfigurations = (
				08D565FE1C60CBB600DE2B6A /* Debug */,
				08D565FF1C60CBB600DE2B6A /* Release */,
			);
			defaultConfigurationIsVisible = 0;
		};
		08D566001C60CBB600DE2B6A /* Build configuration list for PBXNativeTarget "OstrenkiyPlaceholderViewTests" */ = {
			isa = XCConfigurationList;
			buildConfigurations = (
				08D566011C60CBB600DE2B6A /* Debug */,
				08D566021C60CBB600DE2B6A /* Release */,
			);
			defaultConfigurationIsVisible = 0;
		};
		08D566031C60CBB600DE2B6A /* Build configuration list for PBXNativeTarget "OstrenkiyPlaceholderViewUITests" */ = {
			isa = XCConfigurationList;
			buildConfigurations = (
				08D566041C60CBB600DE2B6A /* Debug */,
				08D566051C60CBB600DE2B6A /* Release */,
			);
			defaultConfigurationIsVisible = 0;
		};
/* End XCConfigurationList section */
	};
	rootObject = 08D565CD1C60CBB500DE2B6A /* Project object */;
}
